// !$*UTF8*$!
{
	archiveVersion = 1;
	classes = {
	};
	objectVersion = 50;
	objects = {

/* Begin PBXBuildFile section */
		18023AA625F3ABF00080FEDC /* AppDelegate.swift in Sources */ = {isa = PBXBuildFile; fileRef = 18023AA525F3ABF00080FEDC /* AppDelegate.swift */; };
		18023AAD25F3ABF00080FEDC /* Main.storyboard in Resources */ = {isa = PBXBuildFile; fileRef = 18023AAB25F3ABF00080FEDC /* Main.storyboard */; };
		18023AAF25F3ABF20080FEDC /* Assets.xcassets in Resources */ = {isa = PBXBuildFile; fileRef = 18023AAE25F3ABF20080FEDC /* Assets.xcassets */; };
		18023AB225F3ABF20080FEDC /* LaunchScreen.storyboard in Resources */ = {isa = PBXBuildFile; fileRef = 18023AB025F3ABF20080FEDC /* LaunchScreen.storyboard */; };
		18B0F8AE26B0982700D54D0C /* Question.swift in Sources */ = {isa = PBXBuildFile; fileRef = 18B0F8AD26B0982700D54D0C /* Question.swift */; };
		18B0F8B126B09A5200D54D0C /* Quiz.swift in Sources */ = {isa = PBXBuildFile; fileRef = 18B0F8B026B09A5200D54D0C /* Quiz.swift */; };
		18B0F8B426B09A7300D54D0C /* QuizResult.swift in Sources */ = {isa = PBXBuildFile; fileRef = 18B0F8B326B09A7300D54D0C /* QuizResult.swift */; };
		A50F35A425FA85E700208519 /* SettingsViewController.swift in Sources */ = {isa = PBXBuildFile; fileRef = A50F35A325FA85E700208519 /* SettingsViewController.swift */; };
		A514BD5F25FE1D1B0093A1F2 /* QuizViewController.swift in Sources */ = {isa = PBXBuildFile; fileRef = A514BD5E25FE1D1B0093A1F2 /* QuizViewController.swift */; };
		A5466A652641DCF500CEF20B /* QuizResultViewController.swift in Sources */ = {isa = PBXBuildFile; fileRef = A5466A642641DCF500CEF20B /* QuizResultViewController.swift */; };
		A5504A7826C463B800A705CD /* QuizEngine.swift in Sources */ = {isa = PBXBuildFile; fileRef = A5504A7726C463B800A705CD /* QuizEngine.swift */; };
		A552B61A267BE19C00D930B8 /* Complexity.swift in Sources */ = {isa = PBXBuildFile; fileRef = A552B619267BE19C00D930B8 /* Complexity.swift */; };
		A5F5AB3825F940210041B7BA /* QuestionViewController.swift in Sources */ = {isa = PBXBuildFile; fileRef = A5F5AB3725F940200041B7BA /* QuestionViewController.swift */; };
/* End PBXBuildFile section */

/* Begin PBXFileReference section */
		18023AA225F3ABF00080FEDC /* CSQuiz.app */ = {isa = PBXFileReference; explicitFileType = wrapper.application; includeInIndex = 0; path = CSQuiz.app; sourceTree = BUILT_PRODUCTS_DIR; };
		18023AA525F3ABF00080FEDC /* AppDelegate.swift */ = {isa = PBXFileReference; lastKnownFileType = sourcecode.swift; path = AppDelegate.swift; sourceTree = "<group>"; };
		18023AAC25F3ABF00080FEDC /* Base */ = {isa = PBXFileReference; lastKnownFileType = file.storyboard; name = Base; path = Base.lproj/Main.storyboard; sourceTree = "<group>"; };
		18023AAE25F3ABF20080FEDC /* Assets.xcassets */ = {isa = PBXFileReference; lastKnownFileType = folder.assetcatalog; path = Assets.xcassets; sourceTree = "<group>"; };
		18023AB125F3ABF20080FEDC /* Base */ = {isa = PBXFileReference; lastKnownFileType = file.storyboard; name = Base; path = Base.lproj/LaunchScreen.storyboard; sourceTree = "<group>"; };
		18023AB325F3ABF20080FEDC /* Info.plist */ = {isa = PBXFileReference; lastKnownFileType = text.plist.xml; path = Info.plist; sourceTree = "<group>"; };
		18B0F8AD26B0982700D54D0C /* Question.swift */ = {isa = PBXFileReference; lastKnownFileType = sourcecode.swift; path = Question.swift; sourceTree = "<group>"; };
		18B0F8B026B09A5200D54D0C /* Quiz.swift */ = {isa = PBXFileReference; lastKnownFileType = sourcecode.swift; path = Quiz.swift; sourceTree = "<group>"; };
		18B0F8B326B09A7300D54D0C /* QuizResult.swift */ = {isa = PBXFileReference; lastKnownFileType = sourcecode.swift; path = QuizResult.swift; sourceTree = "<group>"; };
		A50F35A325FA85E700208519 /* SettingsViewController.swift */ = {isa = PBXFileReference; lastKnownFileType = sourcecode.swift; path = SettingsViewController.swift; sourceTree = "<group>"; };
		A514BD5E25FE1D1B0093A1F2 /* QuizViewController.swift */ = {isa = PBXFileReference; lastKnownFileType = sourcecode.swift; path = QuizViewController.swift; sourceTree = "<group>"; };
		A5466A642641DCF500CEF20B /* QuizResultViewController.swift */ = {isa = PBXFileReference; lastKnownFileType = sourcecode.swift; path = QuizResultViewController.swift; sourceTree = "<group>"; };
		A5504A7726C463B800A705CD /* QuizEngine.swift */ = {isa = PBXFileReference; lastKnownFileType = sourcecode.swift; path = QuizEngine.swift; sourceTree = "<group>"; };
		A552B619267BE19C00D930B8 /* Complexity.swift */ = {isa = PBXFileReference; lastKnownFileType = sourcecode.swift; path = Complexity.swift; sourceTree = "<group>"; };
		A5F5AB3725F940200041B7BA /* QuestionViewController.swift */ = {isa = PBXFileReference; lastKnownFileType = sourcecode.swift; path = QuestionViewController.swift; sourceTree = "<group>"; };
/* End PBXFileReference section */

/* Begin PBXFrameworksBuildPhase section */
		18023A9F25F3ABF00080FEDC /* Frameworks */ = {
			isa = PBXFrameworksBuildPhase;
			buildActionMask = 2147483647;
			files = (
			);
			runOnlyForDeploymentPostprocessing = 0;
		};
/* End PBXFrameworksBuildPhase section */

/* Begin PBXGroup section */
		18023A9925F3ABF00080FEDC = {
			isa = PBXGroup;
			children = (
				18023AA425F3ABF00080FEDC /* CSQuiz */,
				18023AA325F3ABF00080FEDC /* Products */,
			);
			sourceTree = "<group>";
		};
		18023AA325F3ABF00080FEDC /* Products */ = {
			isa = PBXGroup;
			children = (
				18023AA225F3ABF00080FEDC /* CSQuiz.app */,
			);
			name = Products;
			sourceTree = "<group>";
		};
		18023AA425F3ABF00080FEDC /* CSQuiz */ = {
			isa = PBXGroup;
			children = (
				A514BD5525FE19A90093A1F2 /* Supporting Files */,
				A514BD5925FE1AA80093A1F2 /* Resources */,
				A514BD5B25FE1B3E0093A1F2 /* Source */,
			);
			path = CSQuiz;
			sourceTree = "<group>";
		};
		18B0F8AC26B097FE00D54D0C /* Question */ = {
			isa = PBXGroup;
			children = (
				18B0F8AD26B0982700D54D0C /* Question.swift */,
				A5F5AB3725F940200041B7BA /* QuestionViewController.swift */,
			);
			path = Question;
			sourceTree = "<group>";
		};
		18B0F8AF26B09A3F00D54D0C /* Quiz */ = {
			isa = PBXGroup;
			children = (
				18B0F8B026B09A5200D54D0C /* Quiz.swift */,
				A514BD5E25FE1D1B0093A1F2 /* QuizViewController.swift */,
			);
			path = Quiz;
			sourceTree = "<group>";
		};
		18B0F8B226B09A6600D54D0C /* QuizResult */ = {
			isa = PBXGroup;
			children = (
				18B0F8B326B09A7300D54D0C /* QuizResult.swift */,
				A5466A642641DCF500CEF20B /* QuizResultViewController.swift */,
			);
			path = QuizResult;
			sourceTree = "<group>";
		};
		18B0F8B526B09A8E00D54D0C /* Settings */ = {
			isa = PBXGroup;
			children = (
				A50F35A325FA85E700208519 /* SettingsViewController.swift */,
			);
			path = Settings;
			sourceTree = "<group>";
		};
		A514BD5525FE19A90093A1F2 /* Supporting Files */ = {
			isa = PBXGroup;
			children = (
				18023AB325F3ABF20080FEDC /* Info.plist */,
			);
			path = "Supporting Files";
			sourceTree = "<group>";
		};
		A514BD5925FE1AA80093A1F2 /* Resources */ = {
			isa = PBXGroup;
			children = (
				18023AAE25F3ABF20080FEDC /* Assets.xcassets */,
				18023AB025F3ABF20080FEDC /* LaunchScreen.storyboard */,
			);
			path = Resources;
			sourceTree = "<group>";
		};
		A514BD5B25FE1B3E0093A1F2 /* Source */ = {
			isa = PBXGroup;
			children = (
				18023AA525F3ABF00080FEDC /* AppDelegate.swift */,
				A5504A7726C463B800A705CD /* QuizEngine.swift */,
				18023AAB25F3ABF00080FEDC /* Main.storyboard */,
				A552B619267BE19C00D930B8 /* Complexity.swift */,
				18B0F8AF26B09A3F00D54D0C /* Quiz */,
				18B0F8AC26B097FE00D54D0C /* Question */,
				18B0F8B226B09A6600D54D0C /* QuizResult */,
				18B0F8B526B09A8E00D54D0C /* Settings */,
			);
			path = Source;
			sourceTree = "<group>";
		};
/* End PBXGroup section */

/* Begin PBXNativeTarget section */
		18023AA125F3ABF00080FEDC /* CSQuiz */ = {
			isa = PBXNativeTarget;
			buildConfigurationList = 18023AB625F3ABF20080FEDC /* Build configuration list for PBXNativeTarget "CSQuiz" */;
			buildPhases = (
				18023A9E25F3ABF00080FEDC /* Sources */,
				18023A9F25F3ABF00080FEDC /* Frameworks */,
				18023AA025F3ABF00080FEDC /* Resources */,
			);
			buildRules = (
			);
			dependencies = (
			);
			name = CSQuiz;
			productName = CSQuiz;
			productReference = 18023AA225F3ABF00080FEDC /* CSQuiz.app */;
			productType = "com.apple.product-type.application";
		};
/* End PBXNativeTarget section */

/* Begin PBXProject section */
		18023A9A25F3ABF00080FEDC /* Project object */ = {
			isa = PBXProject;
			attributes = {
				LastSwiftUpdateCheck = 1240;
				LastUpgradeCheck = 1240;
				TargetAttributes = {
					18023AA125F3ABF00080FEDC = {
						CreatedOnToolsVersion = 12.4;
					};
				};
			};
			buildConfigurationList = 18023A9D25F3ABF00080FEDC /* Build configuration list for PBXProject "CSQuiz" */;
			compatibilityVersion = "Xcode 9.3";
			developmentRegion = en;
			hasScannedForEncodings = 0;
			knownRegions = (
				en,
				Base,
			);
			mainGroup = 18023A9925F3ABF00080FEDC;
			productRefGroup = 18023AA325F3ABF00080FEDC /* Products */;
			projectDirPath = "";
			projectRoot = "";
			targets = (
				18023AA125F3ABF00080FEDC /* CSQuiz */,
			);
		};
/* End PBXProject section */

/* Begin PBXResourcesBuildPhase section */
		18023AA025F3ABF00080FEDC /* Resources */ = {
			isa = PBXResourcesBuildPhase;
			buildActionMask = 2147483647;
			files = (
				18023AB225F3ABF20080FEDC /* LaunchScreen.storyboard in Resources */,
				18023AAF25F3ABF20080FEDC /* Assets.xcassets in Resources */,
				18023AAD25F3ABF00080FEDC /* Main.storyboard in Resources */,
			);
			runOnlyForDeploymentPostprocessing = 0;
		};
/* End PBXResourcesBuildPhase section */

/* Begin PBXSourcesBuildPhase section */
		18023A9E25F3ABF00080FEDC /* Sources */ = {
			isa = PBXSourcesBuildPhase;
			buildActionMask = 2147483647;
			files = (
				A5466A652641DCF500CEF20B /* QuizResultViewController.swift in Sources */,
				A552B61A267BE19C00D930B8 /* Complexity.swift in Sources */,
				18B0F8B426B09A7300D54D0C /* QuizResult.swift in Sources */,
				18023AA625F3ABF00080FEDC /* AppDelegate.swift in Sources */,
				A5F5AB3825F940210041B7BA /* QuestionViewController.swift in Sources */,
				A514BD5F25FE1D1B0093A1F2 /* QuizViewController.swift in Sources */,
				18B0F8AE26B0982700D54D0C /* Question.swift in Sources */,
				18B0F8B126B09A5200D54D0C /* Quiz.swift in Sources */,
				A5504A7826C463B800A705CD /* QuizEngine.swift in Sources */,
				A50F35A425FA85E700208519 /* SettingsViewController.swift in Sources */,
			);
			runOnlyForDeploymentPostprocessing = 0;
		};
/* End PBXSourcesBuildPhase section */

/* Begin PBXVariantGroup section */
		18023AAB25F3ABF00080FEDC /* Main.storyboard */ = {
			isa = PBXVariantGroup;
			children = (
				18023AAC25F3ABF00080FEDC /* Base */,
			);
			name = Main.storyboard;
			sourceTree = "<group>";
		};
		18023AB025F3ABF20080FEDC /* LaunchScreen.storyboard */ = {
			isa = PBXVariantGroup;
			children = (
				18023AB125F3ABF20080FEDC /* Base */,
			);
			name = LaunchScreen.storyboard;
			sourceTree = "<group>";
		};
/* End PBXVariantGroup section */

/* Begin XCBuildConfiguration section */
		18023AB425F3ABF20080FEDC /* Debug */ = {
			isa = XCBuildConfiguration;
			buildSettings = {
				ALWAYS_SEARCH_USER_PATHS = NO;
				CLANG_ANALYZER_NONNULL = YES;
				CLANG_ANALYZER_NUMBER_OBJECT_CONVERSION = YES_AGGRESSIVE;
				CLANG_CXX_LANGUAGE_STANDARD = "gnu++14";
				CLANG_CXX_LIBRARY = "libc++";
				CLANG_ENABLE_MODULES = YES;
				CLANG_ENABLE_OBJC_ARC = YES;
				CLANG_ENABLE_OBJC_WEAK = YES;
				CLANG_WARN_BLOCK_CAPTURE_AUTORELEASING = YES;
				CLANG_WARN_BOOL_CONVERSION = YES;
				CLANG_WARN_COMMA = YES;
				CLANG_WARN_CONSTANT_CONVERSION = YES;
				CLANG_WARN_DEPRECATED_OBJC_IMPLEMENTATIONS = YES;
				CLANG_WARN_DIRECT_OBJC_ISA_USAGE = YES_ERROR;
				CLANG_WARN_DOCUMENTATION_COMMENTS = YES;
				CLANG_WARN_EMPTY_BODY = YES;
				CLANG_WARN_ENUM_CONVERSION = YES;
				CLANG_WARN_INFINITE_RECURSION = YES;
				CLANG_WARN_INT_CONVERSION = YES;
				CLANG_WARN_NON_LITERAL_NULL_CONVERSION = YES;
				CLANG_WARN_OBJC_IMPLICIT_RETAIN_SELF = YES;
				CLANG_WARN_OBJC_LITERAL_CONVERSION = YES;
				CLANG_WARN_OBJC_ROOT_CLASS = YES_ERROR;
				CLANG_WARN_QUOTED_INCLUDE_IN_FRAMEWORK_HEADER = YES;
				CLANG_WARN_RANGE_LOOP_ANALYSIS = YES;
				CLANG_WARN_STRICT_PROTOTYPES = YES;
				CLANG_WARN_SUSPICIOUS_MOVE = YES;
				CLANG_WARN_UNGUARDED_AVAILABILITY = YES_AGGRESSIVE;
				CLANG_WARN_UNREACHABLE_CODE = YES;
				CLANG_WARN__DUPLICATE_METHOD_MATCH = YES;
				COPY_PHASE_STRIP = NO;
				DEBUG_INFORMATION_FORMAT = dwarf;
				ENABLE_STRICT_OBJC_MSGSEND = YES;
				ENABLE_TESTABILITY = YES;
				GCC_C_LANGUAGE_STANDARD = gnu11;
				GCC_DYNAMIC_NO_PIC = NO;
				GCC_NO_COMMON_BLOCKS = YES;
				GCC_OPTIMIZATION_LEVEL = 0;
				GCC_PREPROCESSOR_DEFINITIONS = (
					"DEBUG=1",
					"$(inherited)",
				);
				GCC_WARN_64_TO_32_BIT_CONVERSION = YES;
				GCC_WARN_ABOUT_RETURN_TYPE = YES_ERROR;
				GCC_WARN_UNDECLARED_SELECTOR = YES;
				GCC_WARN_UNINITIALIZED_AUTOS = YES_AGGRESSIVE;
				GCC_WARN_UNUSED_FUNCTION = YES;
				GCC_WARN_UNUSED_VARIABLE = YES;
				IPHONEOS_DEPLOYMENT_TARGET = 14.4;
				MTL_ENABLE_DEBUG_INFO = INCLUDE_SOURCE;
				MTL_FAST_MATH = YES;
				ONLY_ACTIVE_ARCH = YES;
				SDKROOT = iphoneos;
				SWIFT_ACTIVE_COMPILATION_CONDITIONS = DEBUG;
				SWIFT_OPTIMIZATION_LEVEL = "-Onone";
			};
			name = Debug;
		};
		18023AB525F3ABF20080FEDC /* Release */ = {
			isa = XCBuildConfiguration;
			buildSettings = {
				ALWAYS_SEARCH_USER_PATHS = NO;
				CLANG_ANALYZER_NONNULL = YES;
				CLANG_ANALYZER_NUMBER_OBJECT_CONVERSION = YES_AGGRESSIVE;
				CLANG_CXX_LANGUAGE_STANDARD = "gnu++14";
				CLANG_CXX_LIBRARY = "libc++";
				CLANG_ENABLE_MODULES = YES;
				CLANG_ENABLE_OBJC_ARC = YES;
				CLANG_ENABLE_OBJC_WEAK = YES;
				CLANG_WARN_BLOCK_CAPTURE_AUTORELEASING = YES;
				CLANG_WARN_BOOL_CONVERSION = YES;
				CLANG_WARN_COMMA = YES;
				CLANG_WARN_CONSTANT_CONVERSION = YES;
				CLANG_WARN_DEPRECATED_OBJC_IMPLEMENTATIONS = YES;
				CLANG_WARN_DIRECT_OBJC_ISA_USAGE = YES_ERROR;
				CLANG_WARN_DOCUMENTATION_COMMENTS = YES;
				CLANG_WARN_EMPTY_BODY = YES;
				CLANG_WARN_ENUM_CONVERSION = YES;
				CLANG_WARN_INFINITE_RECURSION = YES;
				CLANG_WARN_INT_CONVERSION = YES;
				CLANG_WARN_NON_LITERAL_NULL_CONVERSION = YES;
				CLANG_WARN_OBJC_IMPLICIT_RETAIN_SELF = YES;
				CLANG_WARN_OBJC_LITERAL_CONVERSION = YES;
				CLANG_WARN_OBJC_ROOT_CLASS = YES_ERROR;
				CLANG_WARN_QUOTED_INCLUDE_IN_FRAMEWORK_HEADER = YES;
				CLANG_WARN_RANGE_LOOP_ANALYSIS = YES;
				CLANG_WARN_STRICT_PROTOTYPES = YES;
				CLANG_WARN_SUSPICIOUS_MOVE = YES;
				CLANG_WARN_UNGUARDED_AVAILABILITY = YES_AGGRESSIVE;
				CLANG_WARN_UNREACHABLE_CODE = YES;
				CLANG_WARN__DUPLICATE_METHOD_MATCH = YES;
				COPY_PHASE_STRIP = NO;
				DEBUG_INFORMATION_FORMAT = "dwarf-with-dsym";
				ENABLE_NS_ASSERTIONS = NO;
				ENABLE_STRICT_OBJC_MSGSEND = YES;
				GCC_C_LANGUAGE_STANDARD = gnu11;
				GCC_NO_COMMON_BLOCKS = YES;
				GCC_WARN_64_TO_32_BIT_CONVERSION = YES;
				GCC_WARN_ABOUT_RETURN_TYPE = YES_ERROR;
				GCC_WARN_UNDECLARED_SELECTOR = YES;
				GCC_WARN_UNINITIALIZED_AUTOS = YES_AGGRESSIVE;
				GCC_WARN_UNUSED_FUNCTION = YES;
				GCC_WARN_UNUSED_VARIABLE = YES;
				IPHONEOS_DEPLOYMENT_TARGET = 14.4;
				MTL_ENABLE_DEBUG_INFO = NO;
				MTL_FAST_MATH = YES;
				SDKROOT = iphoneos;
				SWIFT_COMPILATION_MODE = wholemodule;
				SWIFT_OPTIMIZATION_LEVEL = "-O";
				VALIDATE_PRODUCT = YES;
			};
			name = Release;
		};
		18023AB725F3ABF20080FEDC /* Debug */ = {
			isa = XCBuildConfiguration;
			buildSettings = {
				ASSETCATALOG_COMPILER_APPICON_NAME = AppIcon;
				ASSETCATALOG_COMPILER_GLOBAL_ACCENT_COLOR_NAME = AccentColor;
				CODE_SIGN_STYLE = Automatic;
				DEVELOPMENT_TEAM = "";
				INFOPLIST_FILE = "$(SRCROOT)/CSQuiz/Supporting Files/Info.plist";
				IPHONEOS_DEPLOYMENT_TARGET = 13.0;
				LD_RUNPATH_SEARCH_PATHS = (
					"$(inherited)",
					"@executable_path/Frameworks",
				);
				PRODUCT_BUNDLE_IDENTIFIER = com.csquiz.CSQuiz;
				PRODUCT_NAME = "$(TARGET_NAME)";
				SWIFT_VERSION = 5.0;
				TARGETED_DEVICE_FAMILY = 1;
			};
			name = Debug;
		};
		18023AB825F3ABF20080FEDC /* Release */ = {
			isa = XCBuildConfiguration;
			buildSettings = {
				ASSETCATALOG_COMPILER_APPICON_NAME = AppIcon;
				ASSETCATALOG_COMPILER_GLOBAL_ACCENT_COLOR_NAME = AccentColor;
				CODE_SIGN_STYLE = Automatic;
				DEVELOPMENT_TEAM = "";
				INFOPLIST_FILE = "$(SRCROOT)/CSQuiz/Supporting Files/Info.plist";
				IPHONEOS_DEPLOYMENT_TARGET = 13.0;
				LD_RUNPATH_SEARCH_PATHS = (
					"$(inherited)",
					"@executable_path/Frameworks",
				);
				PRODUCT_BUNDLE_IDENTIFIER = com.csquiz.CSQuiz;
				PRODUCT_NAME = "$(TARGET_NAME)";
				SWIFT_VERSION = 5.0;
				TARGETED_DEVICE_FAMILY = 1;
			};
			name = Release;
		};
/* End XCBuildConfiguration section */

/* Begin XCConfigurationList section */
		18023A9D25F3ABF00080FEDC /* Build configuration list for PBXProject "CSQuiz" */ = {
			isa = XCConfigurationList;
			buildConfigurations = (
				18023AB425F3ABF20080FEDC /* Debug */,
				18023AB525F3ABF20080FEDC /* Release */,
			);
			defaultConfigurationIsVisible = 0;
			defaultConfigurationName = Release;
		};
		18023AB625F3ABF20080FEDC /* Build configuration list for PBXNativeTarget "CSQuiz" */ = {
			isa = XCConfigurationList;
			buildConfigurations = (
				18023AB725F3ABF20080FEDC /* Debug */,
				18023AB825F3ABF20080FEDC /* Release */,
			);
			defaultConfigurationIsVisible = 0;
			defaultConfigurationName = Release;
		};
/* End XCConfigurationList section */
	};
	rootObject = 18023A9A25F3ABF00080FEDC /* Project object */;
}
